
Microsoft Visual Studio Solution File, Format Version 12.00
# Visual Studio Version 17
VisualStudioVersion = 17.4.33110.190
MinimumVisualStudioVersion = 10.0.40219.1
Project("{FAE04EC0-301F-11D3-BF4B-00C04F79EFBC}") = "practice", "practice\practice.csproj", "{299328BF-CD5C-46EB-B787-1544FBA6728E}"
EndProject
Global
	GlobalSection(SolutionConfigurationPlatforms) = preSolution
		Debug|Any CPU = Debug|Any CPU
		Release|Any CPU = Release|Any CPU
	EndGlobalSection
	GlobalSection(ProjectConfigurationPlatforms) = postSolution
		{299328BF-CD5C-46EB-B787-1544FBA6728E}.Debug|Any CPU.ActiveCfg = Debug|Any CPU
		{299328BF-CD5C-46EB-B787-1544FBA6728E}.Debug|Any CPU.Build.0 = Debug|Any CPU
		{299328BF-CD5C-46EB-B787-1544FBA6728E}.Release|Any CPU.ActiveCfg = Release|Any CPU
		{299328BF-CD5C-46EB-B787-1544FBA6728E}.Release|Any CPU.Build.0 = Release|Any CPU
	EndGlobalSection
	GlobalSection(SolutionProperties) = preSolution
		HideSolutionNode = FALSE
	EndGlobalSection
	GlobalSection(ExtensibilityGlobals) = postSolution
		SolutionGuid = {A37FDB8C-730A-4175-9870-2127945E77AE}
	EndGlobalSection
EndGlobal
