
Microsoft Visual Studio Solution File, Format Version 12.00
# Visual Studio Version 17
VisualStudioVersion = 17.4.33110.190
MinimumVisualStudioVersion = 10.0.40219.1
Project("{FAE04EC0-301F-11D3-BF4B-00C04F79EFBC}") = "30November2", "30November2\30November2.csproj", "{1065F3CF-E99E-4873-8A63-2AF68B74F792}"
EndProject
Global
	GlobalSection(SolutionConfigurationPlatforms) = preSolution
		Debug|Any CPU = Debug|Any CPU
		Release|Any CPU = Release|Any CPU
	EndGlobalSection
	GlobalSection(ProjectConfigurationPlatforms) = postSolution
		{1065F3CF-E99E-4873-8A63-2AF68B74F792}.Debug|Any CPU.ActiveCfg = Debug|Any CPU
		{1065F3CF-E99E-4873-8A63-2AF68B74F792}.Debug|Any CPU.Build.0 = Debug|Any CPU
		{1065F3CF-E99E-4873-8A63-2AF68B74F792}.Release|Any CPU.ActiveCfg = Release|Any CPU
		{1065F3CF-E99E-4873-8A63-2AF68B74F792}.Release|Any CPU.Build.0 = Release|Any CPU
	EndGlobalSection
	GlobalSection(SolutionProperties) = preSolution
		HideSolutionNode = FALSE
	EndGlobalSection
	GlobalSection(ExtensibilityGlobals) = postSolution
		SolutionGuid = {C00EDBBD-2DC5-48CB-A9A1-C5CC8E951317}
	EndGlobalSection
EndGlobal
