
Microsoft Visual Studio Solution File, Format Version 12.00
# Visual Studio Version 17
VisualStudioVersion = 17.4.33110.190
MinimumVisualStudioVersion = 10.0.40219.1
Project("{FAE04EC0-301F-11D3-BF4B-00C04F79EFBC}") = "WebApplication1", "WebApplication1\WebApplication1.csproj", "{5EAE93C6-93AC-4004-BA61-A97ECFAAAD1D}"
EndProject
Global
	GlobalSection(SolutionConfigurationPlatforms) = preSolution
		Debug|Any CPU = Debug|Any CPU
		Release|Any CPU = Release|Any CPU
	EndGlobalSection
	GlobalSection(ProjectConfigurationPlatforms) = postSolution
		{5EAE93C6-93AC-4004-BA61-A97ECFAAAD1D}.Debug|Any CPU.ActiveCfg = Debug|Any CPU
		{5EAE93C6-93AC-4004-BA61-A97ECFAAAD1D}.Debug|Any CPU.Build.0 = Debug|Any CPU
		{5EAE93C6-93AC-4004-BA61-A97ECFAAAD1D}.Release|Any CPU.ActiveCfg = Release|Any CPU
		{5EAE93C6-93AC-4004-BA61-A97ECFAAAD1D}.Release|Any CPU.Build.0 = Release|Any CPU
	EndGlobalSection
	GlobalSection(SolutionProperties) = preSolution
		HideSolutionNode = FALSE
	EndGlobalSection
	GlobalSection(ExtensibilityGlobals) = postSolution
		SolutionGuid = {F3B18177-2C83-481D-BF1F-0D197DAC6E9A}
	EndGlobalSection
EndGlobal
