
Microsoft Visual Studio Solution File, Format Version 12.00
# Visual Studio Version 17
VisualStudioVersion = 17.4.33110.190
MinimumVisualStudioVersion = 10.0.40219.1
Project("{FAE04EC0-301F-11D3-BF4B-00C04F79EFBC}") = "car", "car\car.csproj", "{8FBF5B86-D534-4A98-B8FA-B735B1CA7328}"
EndProject
Global
	GlobalSection(SolutionConfigurationPlatforms) = preSolution
		Debug|Any CPU = Debug|Any CPU
		Release|Any CPU = Release|Any CPU
	EndGlobalSection
	GlobalSection(ProjectConfigurationPlatforms) = postSolution
		{8FBF5B86-D534-4A98-B8FA-B735B1CA7328}.Debug|Any CPU.ActiveCfg = Debug|Any CPU
		{8FBF5B86-D534-4A98-B8FA-B735B1CA7328}.Debug|Any CPU.Build.0 = Debug|Any CPU
		{8FBF5B86-D534-4A98-B8FA-B735B1CA7328}.Release|Any CPU.ActiveCfg = Release|Any CPU
		{8FBF5B86-D534-4A98-B8FA-B735B1CA7328}.Release|Any CPU.Build.0 = Release|Any CPU
	EndGlobalSection
	GlobalSection(SolutionProperties) = preSolution
		HideSolutionNode = FALSE
	EndGlobalSection
	GlobalSection(ExtensibilityGlobals) = postSolution
		SolutionGuid = {AECD833C-4CAD-49E7-8892-94E636FC575D}
	EndGlobalSection
EndGlobal
