
Microsoft Visual Studio Solution File, Format Version 12.00
# Visual Studio Version 17
VisualStudioVersion = 17.4.33110.190
MinimumVisualStudioVersion = 10.0.40219.1
Project("{FAE04EC0-301F-11D3-BF4B-00C04F79EFBC}") = "WebApplication2", "WebApplication2\WebApplication2.csproj", "{624D24C1-E1D6-4AC1-A27E-8BBAA9D11B01}"
EndProject
Global
	GlobalSection(SolutionConfigurationPlatforms) = preSolution
		Debug|Any CPU = Debug|Any CPU
		Release|Any CPU = Release|Any CPU
	EndGlobalSection
	GlobalSection(ProjectConfigurationPlatforms) = postSolution
		{624D24C1-E1D6-4AC1-A27E-8BBAA9D11B01}.Debug|Any CPU.ActiveCfg = Debug|Any CPU
		{624D24C1-E1D6-4AC1-A27E-8BBAA9D11B01}.Debug|Any CPU.Build.0 = Debug|Any CPU
		{624D24C1-E1D6-4AC1-A27E-8BBAA9D11B01}.Release|Any CPU.ActiveCfg = Release|Any CPU
		{624D24C1-E1D6-4AC1-A27E-8BBAA9D11B01}.Release|Any CPU.Build.0 = Release|Any CPU
	EndGlobalSection
	GlobalSection(SolutionProperties) = preSolution
		HideSolutionNode = FALSE
	EndGlobalSection
	GlobalSection(ExtensibilityGlobals) = postSolution
		SolutionGuid = {86EDB4FC-63DC-44D7-8D62-89EA5E93C92E}
	EndGlobalSection
EndGlobal
