
Microsoft Visual Studio Solution File, Format Version 12.00
# Visual Studio Version 17
VisualStudioVersion = 17.4.33110.190
MinimumVisualStudioVersion = 10.0.40219.1
Project("{FAE04EC0-301F-11D3-BF4B-00C04F79EFBC}") = "27November", "27November\27November.csproj", "{5BCD4D19-F919-46AA-96F3-48EFB4A8152A}"
EndProject
Global
	GlobalSection(SolutionConfigurationPlatforms) = preSolution
		Debug|Any CPU = Debug|Any CPU
		Release|Any CPU = Release|Any CPU
	EndGlobalSection
	GlobalSection(ProjectConfigurationPlatforms) = postSolution
		{5BCD4D19-F919-46AA-96F3-48EFB4A8152A}.Debug|Any CPU.ActiveCfg = Debug|Any CPU
		{5BCD4D19-F919-46AA-96F3-48EFB4A8152A}.Debug|Any CPU.Build.0 = Debug|Any CPU
		{5BCD4D19-F919-46AA-96F3-48EFB4A8152A}.Release|Any CPU.ActiveCfg = Release|Any CPU
		{5BCD4D19-F919-46AA-96F3-48EFB4A8152A}.Release|Any CPU.Build.0 = Release|Any CPU
	EndGlobalSection
	GlobalSection(SolutionProperties) = preSolution
		HideSolutionNode = FALSE
	EndGlobalSection
	GlobalSection(ExtensibilityGlobals) = postSolution
		SolutionGuid = {29F679EE-DBA4-402C-BF61-C7FDC665CFE4}
	EndGlobalSection
EndGlobal
